// !$*UTF8*$!
{
	archiveVersion = 1;
	classes = {
	};
	objectVersion = 46;
	objects = {

/* Begin PBXBuildFile section */
		A29D14BB1C4970BB009D5545 /* main.m in Sources */ = {isa = PBXBuildFile; fileRef = A29D14BA1C4970BB009D5545 /* main.m */; };
		A29D14C81C49722A009D5545 /* StringCalculatorKataTests.m in Sources */ = {isa = PBXBuildFile; fileRef = A29D14C71C49722A009D5545 /* StringCalculatorKataTests.m */; };
		A29D14D21C497458009D5545 /* StringCalculator.m in Sources */ = {isa = PBXBuildFile; fileRef = A29D14D01C497458009D5545 /* StringCalculator.m */; };
		A29D14D61C497921009D5545 /* StringCalculator.m in Sources */ = {isa = PBXBuildFile; fileRef = A29D14D01C497458009D5545 /* StringCalculator.m */; };
/* End PBXBuildFile section */

/* Begin PBXCopyFilesBuildPhase section */
		A29D14B51C4970BB009D5545 /* CopyFiles */ = {
			isa = PBXCopyFilesBuildPhase;
			buildActionMask = 2147483647;
			dstPath = /usr/share/man/man1/;
			dstSubfolderSpec = 0;
			files = (
			);
			runOnlyForDeploymentPostprocessing = 1;
		};
/* End PBXCopyFilesBuildPhase section */

/* Begin PBXFileReference section */
		A29D14B71C4970BB009D5545 /* StringCalculatorKata */ = {isa = PBXFileReference; explicitFileType = "compiled.mach-o.executable"; includeInIndex = 0; path = StringCalculatorKata; sourceTree = BUILT_PRODUCTS_DIR; };
		A29D14BA1C4970BB009D5545 /* main.m */ = {isa = PBXFileReference; lastKnownFileType = sourcecode.c.objc; path = main.m; sourceTree = "<group>"; };
		A29D14C51C49722A009D5545 /* StringCalculatorKataTests.xctest */ = {isa = PBXFileReference; explicitFileType = wrapper.cfbundle; includeInIndex = 0; path = StringCalculatorKataTests.xctest; sourceTree = BUILT_PRODUCTS_DIR; };
		A29D14C71C49722A009D5545 /* StringCalculatorKataTests.m */ = {isa = PBXFileReference; lastKnownFileType = sourcecode.c.objc; path = StringCalculatorKataTests.m; sourceTree = "<group>"; };
		A29D14C91C49722A009D5545 /* Info.plist */ = {isa = PBXFileReference; lastKnownFileType = text.plist.xml; path = Info.plist; sourceTree = "<group>"; };
		A29D14D01C497458009D5545 /* StringCalculator.m */ = {isa = PBXFileReference; fileEncoding = 4; lastKnownFileType = sourcecode.c.objc; path = StringCalculator.m; sourceTree = "<group>"; };
		A29D14D11C497458009D5545 /* StringCalculator.h */ = {isa = PBXFileReference; fileEncoding = 4; lastKnownFileType = sourcecode.c.h; path = StringCalculator.h; sourceTree = "<group>"; };
/* End PBXFileReference section */

/* Begin PBXFrameworksBuildPhase section */
		A29D14B41C4970BB009D5545 /* Frameworks */ = {
			isa = PBXFrameworksBuildPhase;
			buildActionMask = 2147483647;
			files = (
			);
			runOnlyForDeploymentPostprocessing = 0;
		};
		A29D14C21C49722A009D5545 /* Frameworks */ = {
			isa = PBXFrameworksBuildPhase;
			buildActionMask = 2147483647;
			files = (
			);
			runOnlyForDeploymentPostprocessing = 0;
		};
/* End PBXFrameworksBuildPhase section */

/* Begin PBXGroup section */
		A29D14AE1C4970BB009D5545 = {
			isa = PBXGroup;
			children = (
				A29D14B91C4970BB009D5545 /* StringCalculatorKata */,
				A29D14C61C49722A009D5545 /* StringCalculatorKataTests */,
				A29D14B81C4970BB009D5545 /* Products */,
			);
			sourceTree = "<group>";
		};
		A29D14B81C4970BB009D5545 /* Products */ = {
			isa = PBXGroup;
			children = (
				A29D14B71C4970BB009D5545 /* StringCalculatorKata */,
				A29D14C51C49722A009D5545 /* StringCalculatorKataTests.xctest */,
			);
			name = Products;
			sourceTree = "<group>";
		};
		A29D14B91C4970BB009D5545 /* StringCalculatorKata */ = {
			isa = PBXGroup;
			children = (
				A29D14BA1C4970BB009D5545 /* main.m */,
				A29D14D01C497458009D5545 /* StringCalculator.m */,
				A29D14D11C497458009D5545 /* StringCalculator.h */,
			);
			path = StringCalculatorKata;
			sourceTree = "<group>";
		};
		A29D14C61C49722A009D5545 /* StringCalculatorKataTests */ = {
			isa = PBXGroup;
			children = (
				A29D14C71C49722A009D5545 /* StringCalculatorKataTests.m */,
				A29D14C91C49722A009D5545 /* Info.plist */,
			);
			path = StringCalculatorKataTests;
			sourceTree = "<group>";
		};
/* End PBXGroup section */

/* Begin PBXNativeTarget section */
		A29D14B61C4970BB009D5545 /* StringCalculatorKata */ = {
			isa = PBXNativeTarget;
			buildConfigurationList = A29D14BE1C4970BB009D5545 /* Build configuration list for PBXNativeTarget "StringCalculatorKata" */;
			buildPhases = (
				A29D14B31C4970BB009D5545 /* Sources */,
				A29D14B41C4970BB009D5545 /* Frameworks */,
				A29D14B51C4970BB009D5545 /* CopyFiles */,
			);
			buildRules = (
			);
			dependencies = (
			);
			name = StringCalculatorKata;
			productName = StringCalculatorKata;
			productReference = A29D14B71C4970BB009D5545 /* StringCalculatorKata */;
			productType = "com.apple.product-type.tool";
		};
		A29D14C41C49722A009D5545 /* StringCalculatorKataTests */ = {
			isa = PBXNativeTarget;
			buildConfigurationList = A29D14CA1C49722A009D5545 /* Build configuration list for PBXNativeTarget "StringCalculatorKataTests" */;
			buildPhases = (
				A29D14C11C49722A009D5545 /* Sources */,
				A29D14C21C49722A009D5545 /* Frameworks */,
				A29D14C31C49722A009D5545 /* Resources */,
			);
			buildRules = (
			);
			dependencies = (
			);
			name = StringCalculatorKataTests;
			productName = StringCalculatorKataTests;
			productReference = A29D14C51C49722A009D5545 /* StringCalculatorKataTests.xctest */;
			productType = "com.apple.product-type.bundle.unit-test";
		};
/* End PBXNativeTarget section */

/* Begin PBXProject section */
		A29D14AF1C4970BB009D5545 /* Project object */ = {
			isa = PBXProject;
			attributes = {
				LastUpgradeCheck = 0720;
				ORGANIZATIONNAME = "Denys Khlivnyy";
				TargetAttributes = {
					A29D14B61C4970BB009D5545 = {
						CreatedOnToolsVersion = 7.2;
					};
					A29D14C41C49722A009D5545 = {
						CreatedOnToolsVersion = 7.2;
					};
				};
			};
			buildConfigurationList = A29D14B21C4970BB009D5545 /* Build configuration list for PBXProject "StringCalculatorKata" */;
			compatibilityVersion = "Xcode 3.2";
			developmentRegion = English;
			hasScannedForEncodings = 0;
			knownRegions = (
				en,
			);
			mainGroup = A29D14AE1C4970BB009D5545;
			productRefGroup = A29D14B81C4970BB009D5545 /* Products */;
			projectDirPath = "";
			projectRoot = "";
			targets = (
				A29D14B61C4970BB009D5545 /* StringCalculatorKata */,
				A29D14C41C49722A009D5545 /* StringCalculatorKataTests */,
			);
		};
/* End PBXProject section */

/* Begin PBXResourcesBuildPhase section */
		A29D14C31C49722A009D5545 /* Resources */ = {
			isa = PBXResourcesBuildPhase;
			buildActionMask = 2147483647;
			files = (
			);
			runOnlyForDeploymentPostprocessing = 0;
		};
/* End PBXResourcesBuildPhase section */

/* Begin PBXSourcesBuildPhase section */
		A29D14B31C4970BB009D5545 /* Sources */ = {
			isa = PBXSourcesBuildPhase;
			buildActionMask = 2147483647;
			files = (
				A29D14D21C497458009D5545 /* StringCalculator.m in Sources */,
				A29D14BB1C4970BB009D5545 /* main.m in Sources */,
			);
			runOnlyForDeploymentPostprocessing = 0;
		};
		A29D14C11C49722A009D5545 /* Sources */ = {
			isa = PBXSourcesBuildPhase;
			buildActionMask = 2147483647;
			files = (
				A29D14D61C497921009D5545 /* StringCalculator.m in Sources */,
				A29D14C81C49722A009D5545 /* StringCalculatorKataTests.m in Sources */,
			);
			runOnlyForDeploymentPostprocessing = 0;
		};
/* End PBXSourcesBuildPhase section */

/* Begin XCBuildConfiguration section */
		A29D14BC1C4970BB009D5545 /* Debug */ = {
			isa = XCBuildConfiguration;
			buildSettings = {
				ALWAYS_SEARCH_USER_PATHS = NO;
				CLANG_CXX_LANGUAGE_STANDARD = "gnu++0x";
				CLANG_CXX_LIBRARY = "libc++";
				CLANG_ENABLE_MODULES = YES;
				CLANG_ENABLE_OBJC_ARC = YES;
				CLANG_WARN_BOOL_CONVERSION = YES;
				CLANG_WARN_CONSTANT_CONVERSION = YES;
				CLANG_WARN_DIRECT_OBJC_ISA_USAGE = YES_ERROR;
				CLANG_WARN_EMPTY_BODY = YES;
				CLANG_WARN_ENUM_CONVERSION = YES;
				CLANG_WARN_INT_CONVERSION = YES;
				CLANG_WARN_OBJC_ROOT_CLASS = YES_ERROR;
				CLANG_WARN_UNREACHABLE_CODE = YES;
				CLANG_WARN__DUPLICATE_METHOD_MATCH = YES;
				CODE_SIGN_IDENTITY = "-";
				COPY_PHASE_STRIP = NO;
				DEBUG_INFORMATION_FORMAT = dwarf;
				ENABLE_STRICT_OBJC_MSGSEND = YES;
				ENABLE_TESTABILITY = YES;
				GCC_C_LANGUAGE_STANDARD = gnu99;
				GCC_DYNAMIC_NO_PIC = NO;
				GCC_NO_COMMON_BLOCKS = YES;
				GCC_OPTIMIZATION_LEVEL = 0;
				GCC_PREPROCESSOR_DEFINITIONS = (
					"DEBUG=1",
					"$(inherited)",
				);
				GCC_WARN_64_TO_32_BIT_CONVERSION = YES;
				GCC_WARN_ABOUT_RETURN_TYPE = YES_ERROR;
				GCC_WARN_UNDECLARED_SELECTOR = YES;
				GCC_WARN_UNINITIALIZED_AUTOS = YES_AGGRESSIVE;
				GCC_WARN_UNUSED_FUNCTION = YES;
				GCC_WARN_UNUSED_VARIABLE = YES;
				MACOSX_DEPLOYMENT_TARGET = 10.11;
				MTL_ENABLE_DEBUG_INFO = YES;
				ONLY_ACTIVE_ARCH = YES;
				SDKROOT = macosx;
			};
			name = Debug;
		};
		A29D14BD1C4970BB009D5545 /* Release */ = {
			isa = XCBuildConfiguration;
			buildSettings = {
				ALWAYS_SEARCH_USER_PATHS = NO;
				CLANG_CXX_LANGUAGE_STANDARD = "gnu++0x";
				CLANG_CXX_LIBRARY = "libc++";
				CLANG_ENABLE_MODULES = YES;
				CLANG_ENABLE_OBJC_ARC = YES;
				CLANG_WARN_BOOL_CONVERSION = YES;
				CLANG_WARN_CONSTANT_CONVERSION = YES;
				CLANG_WARN_DIRECT_OBJC_ISA_USAGE = YES_ERROR;
				CLANG_WARN_EMPTY_BODY = YES;
				CLANG_WARN_ENUM_CONVERSION = YES;
				CLANG_WARN_INT_CONVERSION = YES;
				CLANG_WARN_OBJC_ROOT_CLASS = YES_ERROR;
				CLANG_WARN_UNREACHABLE_CODE = YES;
				CLANG_WARN__DUPLICATE_METHOD_MATCH = YES;
				CODE_SIGN_IDENTITY = "-";
				COPY_PHASE_STRIP = NO;
				DEBUG_INFORMATION_FORMAT = "dwarf-with-dsym";
				ENABLE_NS_ASSERTIONS = NO;
				ENABLE_STRICT_OBJC_MSGSEND = YES;
				GCC_C_LANGUAGE_STANDARD = gnu99;
				GCC_NO_COMMON_BLOCKS = YES;
				GCC_WARN_64_TO_32_BIT_CONVERSION = YES;
				GCC_WARN_ABOUT_RETURN_TYPE = YES_ERROR;
				GCC_WARN_UNDECLARED_SELECTOR = YES;
				GCC_WARN_UNINITIALIZED_AUTOS = YES_AGGRESSIVE;
				GCC_WARN_UNUSED_FUNCTION = YES;
				GCC_WARN_UNUSED_VARIABLE = YES;
				MACOSX_DEPLOYMENT_TARGET = 10.11;
				MTL_ENABLE_DEBUG_INFO = NO;
				SDKROOT = macosx;
			};
			name = Release;
		};
		A29D14BF1C4970BB009D5545 /* Debug */ = {
			isa = XCBuildConfiguration;
			buildSettings = {
				PRODUCT_NAME = "$(TARGET_NAME)";
			};
			name = Debug;
		};
		A29D14C01C4970BB009D5545 /* Release */ = {
			isa = XCBuildConfiguration;
			buildSettings = {
				PRODUCT_NAME = "$(TARGET_NAME)";
			};
			name = Release;
		};
		A29D14CB1C49722A009D5545 /* Debug */ = {
			isa = XCBuildConfiguration;
			buildSettings = {
				COMBINE_HIDPI_IMAGES = YES;
				INFOPLIST_FILE = StringCalculatorKataTests/Info.plist;
				LD_RUNPATH_SEARCH_PATHS = "$(inherited) @executable_path/../Frameworks @loader_path/../Frameworks";
				PRODUCT_BUNDLE_IDENTIFIER = DKH.StringCalculatorKataTests;
				PRODUCT_NAME = "$(TARGET_NAME)";
			};
			name = Debug;
		};
		A29D14CC1C49722A009D5545 /* Release */ = {
			isa = XCBuildConfiguration;
			buildSettings = {
				COMBINE_HIDPI_IMAGES = YES;
				INFOPLIST_FILE = StringCalculatorKataTests/Info.plist;
				LD_RUNPATH_SEARCH_PATHS = "$(inherited) @executable_path/../Frameworks @loader_path/../Frameworks";
				PRODUCT_BUNDLE_IDENTIFIER = DKH.StringCalculatorKataTests;
				PRODUCT_NAME = "$(TARGET_NAME)";
			};
			name = Release;
		};
/* End XCBuildConfiguration section */

/* Begin XCConfigurationList section */
		A29D14B21C4970BB009D5545 /* Build configuration list for PBXProject "StringCalculatorKata" */ = {
			isa = XCConfigurationList;
			buildConfigurations = (
				A29D14BC1C4970BB009D5545 /* Debug */,
				A29D14BD1C4970BB009D5545 /* Release */,
			);
			defaultConfigurationIsVisible = 0;
			defaultConfigurationName = Release;
		};
		A29D14BE1C4970BB009D5545 /* Build configuration list for PBXNativeTarget "StringCalculatorKata" */ = {
			isa = XCConfigurationList;
			buildConfigurations = (
				A29D14BF1C4970BB009D5545 /* Debug */,
				A29D14C01C4970BB009D5545 /* Release */,
			);
			defaultConfigurationIsVisible = 0;
		};
		A29D14CA1C49722A009D5545 /* Build configuration list for PBXNativeTarget "StringCalculatorKataTests" */ = {
			isa = XCConfigurationList;
			buildConfigurations = (
				A29D14CB1C49722A009D5545 /* Debug */,
				A29D14CC1C49722A009D5545 /* Release */,
			);
			defaultConfigurationIsVisible = 0;
		};
/* End XCConfigurationList section */
	};
	rootObject = A29D14AF1C4970BB009D5545 /* Project object */;
}
